
Microsoft Visual Studio Solution File, Format Version 11.00
# Visual Web Developer Express 2010
Project("{2150E333-8FDC-42A3-9474-1A3956D46DE8}") = "LuaAdmin", "LuaAdmin", "{4E4B0528-9E3B-4617-8620-0705FDA6F185}"
EndProject
Project("{FAE04EC0-301F-11D3-BF4B-00C04F79EFBC}") = "LuaManagerLib", "LuaAdmin\LuaManagerLib\LuaManagerLib.csproj", "{EA79A74E-0577-4F74-AE8D-6E259A594FBE}"
EndProject
Project("{FAE04EC0-301F-11D3-BF4B-00C04F79EFBC}") = "PlasmaShared", "Shared\PlasmaShared\PlasmaShared.csproj", "{B24E7FB3-A3FB-4B67-A499-721F9B34A404}"
EndProject
Project("{FAE04EC0-301F-11D3-BF4B-00C04F79EFBC}") = "PlasmaDownloader", "Shared\PlasmaDownloader\PlasmaDownloader.csproj", "{F3F74776-46A9-4415-B76E-CEEC771C2ABA}"
EndProject
Project("{FAE04EC0-301F-11D3-BF4B-00C04F79EFBC}") = "NightWatch", "NightWatch\NightWatch.csproj", "{6CE1E0F1-447C-4871-9246-CC7CCB359D89}"
EndProject
Project("{FAE04EC0-301F-11D3-BF4B-00C04F79EFBC}") = "LuaSharp", "LuaAdmin\LuaSharp\LuaSharp\LuaSharp.csproj", "{C651A291-775F-46D6-A2D8-BEF573F97D1E}"
EndProject
Project("{FAE04EC0-301F-11D3-BF4B-00C04F79EFBC}") = "LuaWrap", "LuaAdmin\LuaSharp\LuaWrap\LuaWrap.csproj", "{76D7F266-456D-4A7C-916E-E35D057E5F98}"
EndProject
Project("{FAE04EC0-301F-11D3-BF4B-00C04F79EFBC}") = "XSystem.WinControls", "ZeroKLobby\XSystem.WinControls\XSystem.WinControls.csproj", "{860641CF-A2D9-4BC6-A061-A97AE72249F8}"
EndProject
Project("{FAE04EC0-301F-11D3-BF4B-00C04F79EFBC}") = "LobbyClient", "Shared\LobbyClient\LobbyClient.csproj", "{C91CC692-53FC-40B7-8B9A-2A57EDEE331E}"
EndProject
Project("{FAE04EC0-301F-11D3-BF4B-00C04F79EFBC}") = "ZeroKLobby", "ZeroKLobby\ZeroKLobby.csproj", "{AA5F8640-FBBC-4007-9589-6C7CD26D4867}"
	ProjectSection(ProjectDependencies) = postProject
		{06EE7D11-6403-4ABF-AD73-24F8394BA69B} = {06EE7D11-6403-4ABF-AD73-24F8394BA69B}
	EndProjectSection
EndProject
Project("{FAE04EC0-301F-11D3-BF4B-00C04F79EFBC}") = "Springie", "Springie\Springie\Springie.csproj", "{DD5A4F64-6C82-4F75-9EED-992378EC65FC}"
EndProject
Project("{FAE04EC0-301F-11D3-BF4B-00C04F79EFBC}") = "MonoTorrent", "Shared\MonoTorrent\MonoTorrent.csproj", "{411A9E0E-FDC6-4E25-828A-0C2CD1CD96F8}"
EndProject
Project("{FAE04EC0-301F-11D3-BF4B-00C04F79EFBC}") = "CMissionLib", "MissionEditor\CMissionLib\CMissionLib.csproj", "{025DB717-770F-4A29-BC33-FFDC3088E25B}"
EndProject
Project("{FAE04EC0-301F-11D3-BF4B-00C04F79EFBC}") = "MissionEditor", "MissionEditor\MissionEditor2\MissionEditor.csproj", "{713275BF-2FAB-4F51-8766-1E8182BCDAA4}"
	ProjectSection(ProjectDependencies) = postProject
		{06EE7D11-6403-4ABF-AD73-24F8394BA69B} = {06EE7D11-6403-4ABF-AD73-24F8394BA69B}
	EndProjectSection
EndProject
Project("{FAE04EC0-301F-11D3-BF4B-00C04F79EFBC}") = "Fixer", "Fixer\Fixer.csproj", "{D6BB29E2-0559-4B7E-8535-9A15230ABA9A}"
EndProject
Project("{FAE04EC0-301F-11D3-BF4B-00C04F79EFBC}") = "asp.net", "Zero-K.info\asp.net.csproj", "{06EE7D11-6403-4ABF-AD73-24F8394BA69B}"
EndProject
Project("{FAE04EC0-301F-11D3-BF4B-00C04F79EFBC}") = "SpringAccountReader", "SpringAccountReader\SpringAccountReader.csproj", "{7FC52B83-AA36-484C-B930-6735ACD98F7B}"
EndProject
Project("{2150E333-8FDC-42A3-9474-1A3956D46DE8}") = "Extras", "Extras", "{C6E3A10A-6033-4AF7-A84B-D6EED7FC6AD7}"
EndProject
Global
	GlobalSection(SolutionConfigurationPlatforms) = preSolution
		Debug|Any CPU = Debug|Any CPU
		Debug|Mixed Platforms = Debug|Mixed Platforms
		Debug|x86 = Debug|x86
		Release|Any CPU = Release|Any CPU
		Release|Mixed Platforms = Release|Mixed Platforms
		Release|x86 = Release|x86
	EndGlobalSection
	GlobalSection(ProjectConfigurationPlatforms) = postSolution
		{EA79A74E-0577-4F74-AE8D-6E259A594FBE}.Debug|Any CPU.ActiveCfg = Debug|Any CPU
		{EA79A74E-0577-4F74-AE8D-6E259A594FBE}.Debug|Any CPU.Build.0 = Debug|Any CPU
		{EA79A74E-0577-4F74-AE8D-6E259A594FBE}.Debug|Mixed Platforms.ActiveCfg = Debug|Any CPU
		{EA79A74E-0577-4F74-AE8D-6E259A594FBE}.Debug|Mixed Platforms.Build.0 = Debug|Any CPU
		{EA79A74E-0577-4F74-AE8D-6E259A594FBE}.Debug|x86.ActiveCfg = Debug|Any CPU
		{EA79A74E-0577-4F74-AE8D-6E259A594FBE}.Release|Any CPU.ActiveCfg = Release|Any CPU
		{EA79A74E-0577-4F74-AE8D-6E259A594FBE}.Release|Any CPU.Build.0 = Release|Any CPU
		{EA79A74E-0577-4F74-AE8D-6E259A594FBE}.Release|Mixed Platforms.ActiveCfg = Release|Any CPU
		{EA79A74E-0577-4F74-AE8D-6E259A594FBE}.Release|Mixed Platforms.Build.0 = Release|Any CPU
		{EA79A74E-0577-4F74-AE8D-6E259A594FBE}.Release|x86.ActiveCfg = Release|Any CPU
		{B24E7FB3-A3FB-4B67-A499-721F9B34A404}.Debug|Any CPU.ActiveCfg = Debug|Any CPU
		{B24E7FB3-A3FB-4B67-A499-721F9B34A404}.Debug|Any CPU.Build.0 = Debug|Any CPU
		{B24E7FB3-A3FB-4B67-A499-721F9B34A404}.Debug|Mixed Platforms.ActiveCfg = Debug|x86
		{B24E7FB3-A3FB-4B67-A499-721F9B34A404}.Debug|Mixed Platforms.Build.0 = Debug|x86
		{B24E7FB3-A3FB-4B67-A499-721F9B34A404}.Debug|x86.ActiveCfg = Debug|x86
		{B24E7FB3-A3FB-4B67-A499-721F9B34A404}.Debug|x86.Build.0 = Debug|x86
		{B24E7FB3-A3FB-4B67-A499-721F9B34A404}.Release|Any CPU.ActiveCfg = Release|Any CPU
		{B24E7FB3-A3FB-4B67-A499-721F9B34A404}.Release|Any CPU.Build.0 = Release|Any CPU
		{B24E7FB3-A3FB-4B67-A499-721F9B34A404}.Release|Mixed Platforms.ActiveCfg = Release|x86
		{B24E7FB3-A3FB-4B67-A499-721F9B34A404}.Release|Mixed Platforms.Build.0 = Release|x86
		{B24E7FB3-A3FB-4B67-A499-721F9B34A404}.Release|x86.ActiveCfg = Release|x86
		{B24E7FB3-A3FB-4B67-A499-721F9B34A404}.Release|x86.Build.0 = Release|x86
		{F3F74776-46A9-4415-B76E-CEEC771C2ABA}.Debug|Any CPU.ActiveCfg = Debug|Any CPU
		{F3F74776-46A9-4415-B76E-CEEC771C2ABA}.Debug|Any CPU.Build.0 = Debug|Any CPU
		{F3F74776-46A9-4415-B76E-CEEC771C2ABA}.Debug|Mixed Platforms.ActiveCfg = Debug|x86
		{F3F74776-46A9-4415-B76E-CEEC771C2ABA}.Debug|Mixed Platforms.Build.0 = Debug|x86
		{F3F74776-46A9-4415-B76E-CEEC771C2ABA}.Debug|x86.ActiveCfg = Debug|x86
		{F3F74776-46A9-4415-B76E-CEEC771C2ABA}.Debug|x86.Build.0 = Debug|x86
		{F3F74776-46A9-4415-B76E-CEEC771C2ABA}.Release|Any CPU.ActiveCfg = Release|Any CPU
		{F3F74776-46A9-4415-B76E-CEEC771C2ABA}.Release|Any CPU.Build.0 = Release|Any CPU
		{F3F74776-46A9-4415-B76E-CEEC771C2ABA}.Release|Mixed Platforms.ActiveCfg = Release|x86
		{F3F74776-46A9-4415-B76E-CEEC771C2ABA}.Release|Mixed Platforms.Build.0 = Release|x86
		{F3F74776-46A9-4415-B76E-CEEC771C2ABA}.Release|x86.ActiveCfg = Release|x86
		{F3F74776-46A9-4415-B76E-CEEC771C2ABA}.Release|x86.Build.0 = Release|x86
		{6CE1E0F1-447C-4871-9246-CC7CCB359D89}.Debug|Any CPU.ActiveCfg = Debug|Any CPU
		{6CE1E0F1-447C-4871-9246-CC7CCB359D89}.Debug|Any CPU.Build.0 = Debug|Any CPU
		{6CE1E0F1-447C-4871-9246-CC7CCB359D89}.Debug|Mixed Platforms.ActiveCfg = Debug|Any CPU
		{6CE1E0F1-447C-4871-9246-CC7CCB359D89}.Debug|Mixed Platforms.Build.0 = Debug|Any CPU
		{6CE1E0F1-447C-4871-9246-CC7CCB359D89}.Debug|x86.ActiveCfg = Debug|Any CPU
		{6CE1E0F1-447C-4871-9246-CC7CCB359D89}.Release|Any CPU.ActiveCfg = Release|Any CPU
		{6CE1E0F1-447C-4871-9246-CC7CCB359D89}.Release|Any CPU.Build.0 = Release|Any CPU
		{6CE1E0F1-447C-4871-9246-CC7CCB359D89}.Release|Mixed Platforms.ActiveCfg = Release|Any CPU
		{6CE1E0F1-447C-4871-9246-CC7CCB359D89}.Release|Mixed Platforms.Build.0 = Release|Any CPU
		{6CE1E0F1-447C-4871-9246-CC7CCB359D89}.Release|x86.ActiveCfg = Release|Any CPU
		{C651A291-775F-46D6-A2D8-BEF573F97D1E}.Debug|Any CPU.ActiveCfg = Debug|Any CPU
		{C651A291-775F-46D6-A2D8-BEF573F97D1E}.Debug|Any CPU.Build.0 = Debug|Any CPU
		{C651A291-775F-46D6-A2D8-BEF573F97D1E}.Debug|Mixed Platforms.ActiveCfg = Debug|Any CPU
		{C651A291-775F-46D6-A2D8-BEF573F97D1E}.Debug|Mixed Platforms.Build.0 = Debug|Any CPU
		{C651A291-775F-46D6-A2D8-BEF573F97D1E}.Debug|x86.ActiveCfg = Debug|Any CPU
		{C651A291-775F-46D6-A2D8-BEF573F97D1E}.Release|Any CPU.ActiveCfg = Release|Any CPU
		{C651A291-775F-46D6-A2D8-BEF573F97D1E}.Release|Any CPU.Build.0 = Release|Any CPU
		{C651A291-775F-46D6-A2D8-BEF573F97D1E}.Release|Mixed Platforms.ActiveCfg = Release|Any CPU
		{C651A291-775F-46D6-A2D8-BEF573F97D1E}.Release|Mixed Platforms.Build.0 = Release|Any CPU
		{C651A291-775F-46D6-A2D8-BEF573F97D1E}.Release|x86.ActiveCfg = Release|Any CPU
		{76D7F266-456D-4A7C-916E-E35D057E5F98}.Debug|Any CPU.ActiveCfg = Debug|Any CPU
		{76D7F266-456D-4A7C-916E-E35D057E5F98}.Debug|Any CPU.Build.0 = Debug|Any CPU
		{76D7F266-456D-4A7C-916E-E35D057E5F98}.Debug|Mixed Platforms.ActiveCfg = Debug|Any CPU
		{76D7F266-456D-4A7C-916E-E35D057E5F98}.Debug|Mixed Platforms.Build.0 = Debug|Any CPU
		{76D7F266-456D-4A7C-916E-E35D057E5F98}.Debug|x86.ActiveCfg = Debug|Any CPU
		{76D7F266-456D-4A7C-916E-E35D057E5F98}.Release|Any CPU.ActiveCfg = Release|Any CPU
		{76D7F266-456D-4A7C-916E-E35D057E5F98}.Release|Any CPU.Build.0 = Release|Any CPU
		{76D7F266-456D-4A7C-916E-E35D057E5F98}.Release|Mixed Platforms.ActiveCfg = Release|Any CPU
		{76D7F266-456D-4A7C-916E-E35D057E5F98}.Release|Mixed Platforms.Build.0 = Release|Any CPU
		{76D7F266-456D-4A7C-916E-E35D057E5F98}.Release|x86.ActiveCfg = Release|Any CPU
		{860641CF-A2D9-4BC6-A061-A97AE72249F8}.Debug|Any CPU.ActiveCfg = Debug|Any CPU
		{860641CF-A2D9-4BC6-A061-A97AE72249F8}.Debug|Any CPU.Build.0 = Debug|Any CPU
		{860641CF-A2D9-4BC6-A061-A97AE72249F8}.Debug|Mixed Platforms.ActiveCfg = Debug|Any CPU
		{860641CF-A2D9-4BC6-A061-A97AE72249F8}.Debug|Mixed Platforms.Build.0 = Debug|Any CPU
		{860641CF-A2D9-4BC6-A061-A97AE72249F8}.Debug|x86.ActiveCfg = Debug|Any CPU
		{860641CF-A2D9-4BC6-A061-A97AE72249F8}.Release|Any CPU.ActiveCfg = Release|Any CPU
		{860641CF-A2D9-4BC6-A061-A97AE72249F8}.Release|Any CPU.Build.0 = Release|Any CPU
		{860641CF-A2D9-4BC6-A061-A97AE72249F8}.Release|Mixed Platforms.ActiveCfg = Release|Any CPU
		{860641CF-A2D9-4BC6-A061-A97AE72249F8}.Release|Mixed Platforms.Build.0 = Release|Any CPU
		{860641CF-A2D9-4BC6-A061-A97AE72249F8}.Release|x86.ActiveCfg = Release|Any CPU
		{C91CC692-53FC-40B7-8B9A-2A57EDEE331E}.Debug|Any CPU.ActiveCfg = Debug|Any CPU
		{C91CC692-53FC-40B7-8B9A-2A57EDEE331E}.Debug|Any CPU.Build.0 = Debug|Any CPU
		{C91CC692-53FC-40B7-8B9A-2A57EDEE331E}.Debug|Mixed Platforms.ActiveCfg = Debug|x86
		{C91CC692-53FC-40B7-8B9A-2A57EDEE331E}.Debug|Mixed Platforms.Build.0 = Debug|x86
		{C91CC692-53FC-40B7-8B9A-2A57EDEE331E}.Debug|x86.ActiveCfg = Debug|x86
		{C91CC692-53FC-40B7-8B9A-2A57EDEE331E}.Debug|x86.Build.0 = Debug|x86
		{C91CC692-53FC-40B7-8B9A-2A57EDEE331E}.Release|Any CPU.ActiveCfg = Release|Any CPU
		{C91CC692-53FC-40B7-8B9A-2A57EDEE331E}.Release|Any CPU.Build.0 = Release|Any CPU
		{C91CC692-53FC-40B7-8B9A-2A57EDEE331E}.Release|Mixed Platforms.ActiveCfg = Release|x86
		{C91CC692-53FC-40B7-8B9A-2A57EDEE331E}.Release|Mixed Platforms.Build.0 = Release|x86
		{C91CC692-53FC-40B7-8B9A-2A57EDEE331E}.Release|x86.ActiveCfg = Release|x86
		{C91CC692-53FC-40B7-8B9A-2A57EDEE331E}.Release|x86.Build.0 = Release|x86
		{AA5F8640-FBBC-4007-9589-6C7CD26D4867}.Debug|Any CPU.ActiveCfg = Debug|Any CPU
		{AA5F8640-FBBC-4007-9589-6C7CD26D4867}.Debug|Any CPU.Build.0 = Debug|Any CPU
		{AA5F8640-FBBC-4007-9589-6C7CD26D4867}.Debug|Mixed Platforms.ActiveCfg = Debug|Any CPU
		{AA5F8640-FBBC-4007-9589-6C7CD26D4867}.Debug|Mixed Platforms.Build.0 = Debug|Any CPU
		{AA5F8640-FBBC-4007-9589-6C7CD26D4867}.Debug|x86.ActiveCfg = Debug|Any CPU
		{AA5F8640-FBBC-4007-9589-6C7CD26D4867}.Release|Any CPU.ActiveCfg = Release|Any CPU
		{AA5F8640-FBBC-4007-9589-6C7CD26D4867}.Release|Any CPU.Build.0 = Release|Any CPU
		{AA5F8640-FBBC-4007-9589-6C7CD26D4867}.Release|Mixed Platforms.ActiveCfg = Release|Any CPU
		{AA5F8640-FBBC-4007-9589-6C7CD26D4867}.Release|Mixed Platforms.Build.0 = Release|Any CPU
		{AA5F8640-FBBC-4007-9589-6C7CD26D4867}.Release|x86.ActiveCfg = Release|Any CPU
		{DD5A4F64-6C82-4F75-9EED-992378EC65FC}.Debug|Any CPU.ActiveCfg = Debug|Any CPU
		{DD5A4F64-6C82-4F75-9EED-992378EC65FC}.Debug|Any CPU.Build.0 = Debug|Any CPU
		{DD5A4F64-6C82-4F75-9EED-992378EC65FC}.Debug|Mixed Platforms.ActiveCfg = Debug|x86
		{DD5A4F64-6C82-4F75-9EED-992378EC65FC}.Debug|Mixed Platforms.Build.0 = Debug|x86
		{DD5A4F64-6C82-4F75-9EED-992378EC65FC}.Debug|x86.ActiveCfg = Debug|x86
		{DD5A4F64-6C82-4F75-9EED-992378EC65FC}.Debug|x86.Build.0 = Debug|x86
		{DD5A4F64-6C82-4F75-9EED-992378EC65FC}.Release|Any CPU.ActiveCfg = Release|Any CPU
		{DD5A4F64-6C82-4F75-9EED-992378EC65FC}.Release|Any CPU.Build.0 = Release|Any CPU
		{DD5A4F64-6C82-4F75-9EED-992378EC65FC}.Release|Mixed Platforms.ActiveCfg = Release|x86
		{DD5A4F64-6C82-4F75-9EED-992378EC65FC}.Release|Mixed Platforms.Build.0 = Release|x86
		{DD5A4F64-6C82-4F75-9EED-992378EC65FC}.Release|x86.ActiveCfg = Release|x86
		{DD5A4F64-6C82-4F75-9EED-992378EC65FC}.Release|x86.Build.0 = Release|x86
		{411A9E0E-FDC6-4E25-828A-0C2CD1CD96F8}.Debug|Any CPU.ActiveCfg = Debug|Any CPU
		{411A9E0E-FDC6-4E25-828A-0C2CD1CD96F8}.Debug|Any CPU.Build.0 = Debug|Any CPU
		{411A9E0E-FDC6-4E25-828A-0C2CD1CD96F8}.Debug|Mixed Platforms.ActiveCfg = Debug|Any CPU
		{411A9E0E-FDC6-4E25-828A-0C2CD1CD96F8}.Debug|Mixed Platforms.Build.0 = Debug|Any CPU
		{411A9E0E-FDC6-4E25-828A-0C2CD1CD96F8}.Debug|x86.ActiveCfg = Debug|Any CPU
		{411A9E0E-FDC6-4E25-828A-0C2CD1CD96F8}.Release|Any CPU.ActiveCfg = Release|Any CPU
		{411A9E0E-FDC6-4E25-828A-0C2CD1CD96F8}.Release|Any CPU.Build.0 = Release|Any CPU
		{411A9E0E-FDC6-4E25-828A-0C2CD1CD96F8}.Release|Mixed Platforms.ActiveCfg = Release|Any CPU
		{411A9E0E-FDC6-4E25-828A-0C2CD1CD96F8}.Release|Mixed Platforms.Build.0 = Release|Any CPU
		{411A9E0E-FDC6-4E25-828A-0C2CD1CD96F8}.Release|x86.ActiveCfg = Release|Any CPU
		{025DB717-770F-4A29-BC33-FFDC3088E25B}.Debug|Any CPU.ActiveCfg = Debug|Any CPU
		{025DB717-770F-4A29-BC33-FFDC3088E25B}.Debug|Any CPU.Build.0 = Debug|Any CPU
		{025DB717-770F-4A29-BC33-FFDC3088E25B}.Debug|Mixed Platforms.ActiveCfg = Debug|Any CPU
		{025DB717-770F-4A29-BC33-FFDC3088E25B}.Debug|Mixed Platforms.Build.0 = Debug|Any CPU
		{025DB717-770F-4A29-BC33-FFDC3088E25B}.Debug|x86.ActiveCfg = Debug|Any CPU
		{025DB717-770F-4A29-BC33-FFDC3088E25B}.Release|Any CPU.ActiveCfg = Release|Any CPU
		{025DB717-770F-4A29-BC33-FFDC3088E25B}.Release|Any CPU.Build.0 = Release|Any CPU
		{025DB717-770F-4A29-BC33-FFDC3088E25B}.Release|Mixed Platforms.ActiveCfg = Release|Any CPU
		{025DB717-770F-4A29-BC33-FFDC3088E25B}.Release|Mixed Platforms.Build.0 = Release|Any CPU
		{025DB717-770F-4A29-BC33-FFDC3088E25B}.Release|x86.ActiveCfg = Release|Any CPU
		{713275BF-2FAB-4F51-8766-1E8182BCDAA4}.Debug|Any CPU.ActiveCfg = Debug|x86
		{713275BF-2FAB-4F51-8766-1E8182BCDAA4}.Debug|Mixed Platforms.ActiveCfg = Debug|x86
		{713275BF-2FAB-4F51-8766-1E8182BCDAA4}.Debug|Mixed Platforms.Build.0 = Debug|x86
		{713275BF-2FAB-4F51-8766-1E8182BCDAA4}.Debug|x86.ActiveCfg = Debug|x86
		{713275BF-2FAB-4F51-8766-1E8182BCDAA4}.Debug|x86.Build.0 = Debug|x86
		{713275BF-2FAB-4F51-8766-1E8182BCDAA4}.Release|Any CPU.ActiveCfg = Release|x86
		{713275BF-2FAB-4F51-8766-1E8182BCDAA4}.Release|Mixed Platforms.ActiveCfg = Release|x86
		{713275BF-2FAB-4F51-8766-1E8182BCDAA4}.Release|Mixed Platforms.Build.0 = Release|x86
		{713275BF-2FAB-4F51-8766-1E8182BCDAA4}.Release|x86.ActiveCfg = Release|x86
		{713275BF-2FAB-4F51-8766-1E8182BCDAA4}.Release|x86.Build.0 = Release|x86
		{D6BB29E2-0559-4B7E-8535-9A15230ABA9A}.Debug|Any CPU.ActiveCfg = Debug|x86
		{D6BB29E2-0559-4B7E-8535-9A15230ABA9A}.Debug|Mixed Platforms.ActiveCfg = Debug|x86
		{D6BB29E2-0559-4B7E-8535-9A15230ABA9A}.Debug|Mixed Platforms.Build.0 = Debug|x86
		{D6BB29E2-0559-4B7E-8535-9A15230ABA9A}.Debug|x86.ActiveCfg = Debug|x86
		{D6BB29E2-0559-4B7E-8535-9A15230ABA9A}.Debug|x86.Build.0 = Debug|x86
		{D6BB29E2-0559-4B7E-8535-9A15230ABA9A}.Release|Any CPU.ActiveCfg = Release|x86
		{D6BB29E2-0559-4B7E-8535-9A15230ABA9A}.Release|Mixed Platforms.ActiveCfg = Release|x86
		{D6BB29E2-0559-4B7E-8535-9A15230ABA9A}.Release|Mixed Platforms.Build.0 = Release|x86
		{D6BB29E2-0559-4B7E-8535-9A15230ABA9A}.Release|x86.ActiveCfg = Release|x86
		{D6BB29E2-0559-4B7E-8535-9A15230ABA9A}.Release|x86.Build.0 = Release|x86
		{06EE7D11-6403-4ABF-AD73-24F8394BA69B}.Debug|Any CPU.ActiveCfg = Debug|Any CPU
		{06EE7D11-6403-4ABF-AD73-24F8394BA69B}.Debug|Any CPU.Build.0 = Debug|Any CPU
		{06EE7D11-6403-4ABF-AD73-24F8394BA69B}.Debug|Mixed Platforms.ActiveCfg = Debug|Any CPU
		{06EE7D11-6403-4ABF-AD73-24F8394BA69B}.Debug|Mixed Platforms.Build.0 = Debug|Any CPU
		{06EE7D11-6403-4ABF-AD73-24F8394BA69B}.Debug|x86.ActiveCfg = Debug|Any CPU
		{06EE7D11-6403-4ABF-AD73-24F8394BA69B}.Release|Any CPU.ActiveCfg = Release|Any CPU
		{06EE7D11-6403-4ABF-AD73-24F8394BA69B}.Release|Any CPU.Build.0 = Release|Any CPU
		{06EE7D11-6403-4ABF-AD73-24F8394BA69B}.Release|Mixed Platforms.ActiveCfg = Release|Any CPU
		{06EE7D11-6403-4ABF-AD73-24F8394BA69B}.Release|Mixed Platforms.Build.0 = Release|Any CPU
		{06EE7D11-6403-4ABF-AD73-24F8394BA69B}.Release|x86.ActiveCfg = Release|Any CPU
		{7FC52B83-AA36-484C-B930-6735ACD98F7B}.Debug|Any CPU.ActiveCfg = Debug|x86
		{7FC52B83-AA36-484C-B930-6735ACD98F7B}.Debug|Mixed Platforms.ActiveCfg = Debug|x86
		{7FC52B83-AA36-484C-B930-6735ACD98F7B}.Debug|Mixed Platforms.Build.0 = Debug|x86
		{7FC52B83-AA36-484C-B930-6735ACD98F7B}.Debug|x86.ActiveCfg = Debug|x86
		{7FC52B83-AA36-484C-B930-6735ACD98F7B}.Debug|x86.Build.0 = Debug|x86
		{7FC52B83-AA36-484C-B930-6735ACD98F7B}.Release|Any CPU.ActiveCfg = Release|x86
		{7FC52B83-AA36-484C-B930-6735ACD98F7B}.Release|Mixed Platforms.ActiveCfg = Release|x86
		{7FC52B83-AA36-484C-B930-6735ACD98F7B}.Release|Mixed Platforms.Build.0 = Release|x86
		{7FC52B83-AA36-484C-B930-6735ACD98F7B}.Release|x86.ActiveCfg = Release|x86
		{7FC52B83-AA36-484C-B930-6735ACD98F7B}.Release|x86.Build.0 = Release|x86
	EndGlobalSection
	GlobalSection(SolutionProperties) = preSolution
		HideSolutionNode = FALSE
	EndGlobalSection
	GlobalSection(NestedProjects) = preSolution
		{C5990E51-3BE4-4EF9-8A74-201ECBF9C6BB} = {4E4B0528-9E3B-4617-8620-0705FDA6F185}
		{EA79A74E-0577-4F74-AE8D-6E259A594FBE} = {4E4B0528-9E3B-4617-8620-0705FDA6F185}
		{C651A291-775F-46D6-A2D8-BEF573F97D1E} = {4E4B0528-9E3B-4617-8620-0705FDA6F185}
		{76D7F266-456D-4A7C-916E-E35D057E5F98} = {4E4B0528-9E3B-4617-8620-0705FDA6F185}
		{D6BB29E2-0559-4B7E-8535-9A15230ABA9A} = {C6E3A10A-6033-4AF7-A84B-D6EED7FC6AD7}
		{7FC52B83-AA36-484C-B930-6735ACD98F7B} = {C6E3A10A-6033-4AF7-A84B-D6EED7FC6AD7}
	EndGlobalSection
EndGlobal
