
Microsoft Visual Studio Solution File, Format Version 12.00
# Visual Studio Version 16
VisualStudioVersion = 16.0.30002.166
MinimumVisualStudioVersion = 10.0.40219.1
Project("{FAE04EC0-301F-11D3-BF4B-00C04F79EFBC}") = "PlasmaShared", "Shared\PlasmaShared\PlasmaShared.csproj", "{B24E7FB3-A3FB-4B67-A499-721F9B34A404}"
EndProject
Project("{FAE04EC0-301F-11D3-BF4B-00C04F79EFBC}") = "PlasmaDownloader", "Shared\PlasmaDownloader\PlasmaDownloader.csproj", "{F3F74776-46A9-4415-B76E-CEEC771C2ABA}"
EndProject
Project("{FAE04EC0-301F-11D3-BF4B-00C04F79EFBC}") = "LobbyClient", "Shared\LobbyClient\LobbyClient.csproj", "{C91CC692-53FC-40B7-8B9A-2A57EDEE331E}"
EndProject
Project("{FAE04EC0-301F-11D3-BF4B-00C04F79EFBC}") = "ZeroKLobby", "ZeroKLobby\ZeroKLobby.csproj", "{AA5F8640-FBBC-4007-9589-6C7CD26D4867}"
EndProject
Project("{FAE04EC0-301F-11D3-BF4B-00C04F79EFBC}") = "MonoTorrent", "Shared\MonoTorrent\MonoTorrent.csproj", "{411A9E0E-FDC6-4E25-828A-0C2CD1CD96F8}"
EndProject
Project("{FAE04EC0-301F-11D3-BF4B-00C04F79EFBC}") = "CMissionLib", "MissionEditor\CMissionLib\CMissionLib.csproj", "{025DB717-770F-4A29-BC33-FFDC3088E25B}"
EndProject
Project("{FAE04EC0-301F-11D3-BF4B-00C04F79EFBC}") = "MissionEditor", "MissionEditor\MissionEditor2\MissionEditor.csproj", "{713275BF-2FAB-4F51-8766-1E8182BCDAA4}"
EndProject
Project("{FAE04EC0-301F-11D3-BF4B-00C04F79EFBC}") = "Fixer", "Fixer\Fixer.csproj", "{D6BB29E2-0559-4B7E-8535-9A15230ABA9A}"
	ProjectSection(ProjectDependencies) = postProject
		{016C2B52-AFD5-4A3A-A960-E9FB51C014BB} = {016C2B52-AFD5-4A3A-A960-E9FB51C014BB}
	EndProjectSection
EndProject
Project("{FAE04EC0-301F-11D3-BF4B-00C04F79EFBC}") = "asp.net", "Zero-K.info\asp.net.csproj", "{06EE7D11-6403-4ABF-AD73-24F8394BA69B}"
EndProject
Project("{FAE04EC0-301F-11D3-BF4B-00C04F79EFBC}") = "GalaxyDesigner", "GalaxyDesigner\GalaxyDesigner.csproj", "{BB4AD85D-23E0-429A-8FE4-74E2A58757D5}"
EndProject
Project("{FAE04EC0-301F-11D3-BF4B-00C04F79EFBC}") = "PlanetWarsReplayCreator", "PlanetWarsReplayCreator\PlanetWarsReplayCreator.csproj", "{83FBD383-4A72-417B-B77E-B35FCFFA6A56}"
EndProject
Project("{FAE04EC0-301F-11D3-BF4B-00C04F79EFBC}") = "Benchmarker", "Benchmarker\Benchmarker.csproj", "{67501A5B-B6BB-467E-85DA-22D81C40829C}"
EndProject
Project("{FAE04EC0-301F-11D3-BF4B-00C04F79EFBC}") = "ZkData", "ZkData\ZkData.csproj", "{61D3BE0A-282D-462C-BA26-06670E5ACB3E}"
EndProject
Project("{FAE04EC0-301F-11D3-BF4B-00C04F79EFBC}") = "ZkLobbyServer", "ZkLobbyServer\ZkLobbyServer.csproj", "{1A6022DF-9AF2-4BA3-A61C-87BE507A6F4A}"
EndProject
Project("{FAE04EC0-301F-11D3-BF4B-00C04F79EFBC}") = "AutoRegistrator", "AutoRegistrator\AutoRegistrator.csproj", "{01FAEBBC-02E0-42FE-972C-F17045BA3807}"
EndProject
Project("{FAE04EC0-301F-11D3-BF4B-00C04F79EFBC}") = "DotNetWikiBot", "DotNetWikiBot\DotNetWikiBot.csproj", "{016C2B52-AFD5-4A3A-A960-E9FB51C014BB}"
EndProject
Project("{FAE04EC0-301F-11D3-BF4B-00C04F79EFBC}") = "MigrateDatabase", "MigrateDatabase\MigrateDatabase.csproj", "{D60C746C-9968-420C-A6CE-66B7A1D8C33C}"
EndProject
Project("{FAE04EC0-301F-11D3-BF4B-00C04F79EFBC}") = "ChobbyLauncher", "ChobbyLauncher\ChobbyLauncher.csproj", "{37034FCF-F0CD-4069-8FD2-8D18E9794AD6}"
EndProject
Project("{FAE04EC0-301F-11D3-BF4B-00C04F79EFBC}") = "Tests", "Tests\Tests.csproj", "{ED8C09BC-00DC-4F13-8CE5-66F814A98CD4}"
EndProject
Global
	GlobalSection(SolutionConfigurationPlatforms) = preSolution
		Release|x64 = Release|x64
		Debug|x64 = Debug|x64
	EndGlobalSection
	GlobalSection(ProjectConfigurationPlatforms) = postSolution
		{06EE7D11-6403-4ABF-AD73-24F8394BA69B}.Release|x64.ActiveCfg = Release|x64
		{06EE7D11-6403-4ABF-AD73-24F8394BA69B}.Release|x64.Build.0 = Release|x64
		{06EE7D11-6403-4ABF-AD73-24F8394BA69B}.Debug|x64.ActiveCfg = Debug|x64
		{06EE7D11-6403-4ABF-AD73-24F8394BA69B}.Debug|x64.Build.0 = Debug|x64
		{01FAEBBC-02E0-42FE-972C-F17045BA3807}.Release|x64.ActiveCfg = Release|x64
		{01FAEBBC-02E0-42FE-972C-F17045BA3807}.Release|x64.Build.0 = Release|x64
		{01FAEBBC-02E0-42FE-972C-F17045BA3807}.Debug|x64.ActiveCfg = Debug|x64
		{01FAEBBC-02E0-42FE-972C-F17045BA3807}.Debug|x64.Build.0 = Debug|x64
		{67501A5B-B6BB-467E-85DA-22D81C40829C}.Release|x64.ActiveCfg = Release|x64
		{67501A5B-B6BB-467E-85DA-22D81C40829C}.Release|x64.Build.0 = Release|x64
		{67501A5B-B6BB-467E-85DA-22D81C40829C}.Debug|x64.ActiveCfg = Debug|x64
		{67501A5B-B6BB-467E-85DA-22D81C40829C}.Debug|x64.Build.0 = Debug|x64
		{025DB717-770F-4A29-BC33-FFDC3088E25B}.Release|x64.ActiveCfg = Release|x64
		{025DB717-770F-4A29-BC33-FFDC3088E25B}.Release|x64.Build.0 = Release|x64
		{025DB717-770F-4A29-BC33-FFDC3088E25B}.Debug|x64.ActiveCfg = Debug|x64
		{025DB717-770F-4A29-BC33-FFDC3088E25B}.Debug|x64.Build.0 = Debug|x64
		{016C2B52-AFD5-4A3A-A960-E9FB51C014BB}.Release|x64.ActiveCfg = Release|x64
		{016C2B52-AFD5-4A3A-A960-E9FB51C014BB}.Release|x64.Build.0 = Release|x64
		{016C2B52-AFD5-4A3A-A960-E9FB51C014BB}.Debug|x64.ActiveCfg = Debug|x64
		{016C2B52-AFD5-4A3A-A960-E9FB51C014BB}.Debug|x64.Build.0 = Debug|x64
		{D6BB29E2-0559-4B7E-8535-9A15230ABA9A}.Release|x64.ActiveCfg = Release|x64
		{D6BB29E2-0559-4B7E-8535-9A15230ABA9A}.Release|x64.Build.0 = Release|x64
		{D6BB29E2-0559-4B7E-8535-9A15230ABA9A}.Debug|x64.ActiveCfg = Debug|x64
		{D6BB29E2-0559-4B7E-8535-9A15230ABA9A}.Debug|x64.Build.0 = Debug|x64
		{BB4AD85D-23E0-429A-8FE4-74E2A58757D5}.Release|x64.ActiveCfg = Release|x64
		{BB4AD85D-23E0-429A-8FE4-74E2A58757D5}.Release|x64.Build.0 = Release|x64
		{BB4AD85D-23E0-429A-8FE4-74E2A58757D5}.Debug|x64.ActiveCfg = Debug|x64
		{BB4AD85D-23E0-429A-8FE4-74E2A58757D5}.Debug|x64.Build.0 = Debug|x64
		{37034FCF-F0CD-4069-8FD2-8D18E9794AD6}.Release|x64.ActiveCfg = Release|x64
		{37034FCF-F0CD-4069-8FD2-8D18E9794AD6}.Release|x64.Build.0 = Release|x64
		{37034FCF-F0CD-4069-8FD2-8D18E9794AD6}.Debug|x64.ActiveCfg = Debug|x64
		{37034FCF-F0CD-4069-8FD2-8D18E9794AD6}.Debug|x64.Build.0 = Debug|x64
		{C91CC692-53FC-40B7-8B9A-2A57EDEE331E}.Release|x64.ActiveCfg = Release|x64
		{C91CC692-53FC-40B7-8B9A-2A57EDEE331E}.Release|x64.Build.0 = Release|x64
		{C91CC692-53FC-40B7-8B9A-2A57EDEE331E}.Debug|x64.ActiveCfg = Debug|x64
		{C91CC692-53FC-40B7-8B9A-2A57EDEE331E}.Debug|x64.Build.0 = Debug|x64
		{D60C746C-9968-420C-A6CE-66B7A1D8C33C}.Release|x64.ActiveCfg = Release|x64
		{D60C746C-9968-420C-A6CE-66B7A1D8C33C}.Release|x64.Build.0 = Release|x64
		{D60C746C-9968-420C-A6CE-66B7A1D8C33C}.Debug|x64.ActiveCfg = Debug|x64
		{D60C746C-9968-420C-A6CE-66B7A1D8C33C}.Debug|x64.Build.0 = Debug|x64
		{713275BF-2FAB-4F51-8766-1E8182BCDAA4}.Release|x64.ActiveCfg = Release|x64
		{713275BF-2FAB-4F51-8766-1E8182BCDAA4}.Release|x64.Build.0 = Release|x64
		{713275BF-2FAB-4F51-8766-1E8182BCDAA4}.Debug|x64.ActiveCfg = Debug|x64
		{713275BF-2FAB-4F51-8766-1E8182BCDAA4}.Debug|x64.Build.0 = Debug|x64
		{411A9E0E-FDC6-4E25-828A-0C2CD1CD96F8}.Release|x64.ActiveCfg = Release|x64
		{411A9E0E-FDC6-4E25-828A-0C2CD1CD96F8}.Release|x64.Build.0 = Release|x64
		{411A9E0E-FDC6-4E25-828A-0C2CD1CD96F8}.Debug|x64.ActiveCfg = Debug|x64
		{411A9E0E-FDC6-4E25-828A-0C2CD1CD96F8}.Debug|x64.Build.0 = Debug|x64
		{83FBD383-4A72-417B-B77E-B35FCFFA6A56}.Release|x64.ActiveCfg = Release|x64
		{83FBD383-4A72-417B-B77E-B35FCFFA6A56}.Release|x64.Build.0 = Release|x64
		{83FBD383-4A72-417B-B77E-B35FCFFA6A56}.Debug|x64.ActiveCfg = Debug|x64
		{83FBD383-4A72-417B-B77E-B35FCFFA6A56}.Debug|x64.Build.0 = Debug|x64
		{F3F74776-46A9-4415-B76E-CEEC771C2ABA}.Release|x64.ActiveCfg = Release|x64
		{F3F74776-46A9-4415-B76E-CEEC771C2ABA}.Release|x64.Build.0 = Release|x64
		{F3F74776-46A9-4415-B76E-CEEC771C2ABA}.Debug|x64.ActiveCfg = Debug|x64
		{F3F74776-46A9-4415-B76E-CEEC771C2ABA}.Debug|x64.Build.0 = Debug|x64
		{B24E7FB3-A3FB-4B67-A499-721F9B34A404}.Release|x64.ActiveCfg = Release|x64
		{B24E7FB3-A3FB-4B67-A499-721F9B34A404}.Release|x64.Build.0 = Release|x64
		{B24E7FB3-A3FB-4B67-A499-721F9B34A404}.Debug|x64.ActiveCfg = Debug|x64
		{B24E7FB3-A3FB-4B67-A499-721F9B34A404}.Debug|x64.Build.0 = Debug|x64
		{ED8C09BC-00DC-4F13-8CE5-66F814A98CD4}.Release|x64.ActiveCfg = Release|x64
		{ED8C09BC-00DC-4F13-8CE5-66F814A98CD4}.Release|x64.Build.0 = Release|x64
		{ED8C09BC-00DC-4F13-8CE5-66F814A98CD4}.Debug|x64.ActiveCfg = Debug|x64
		{ED8C09BC-00DC-4F13-8CE5-66F814A98CD4}.Debug|x64.Build.0 = Debug|x64
		{AA5F8640-FBBC-4007-9589-6C7CD26D4867}.Release|x64.ActiveCfg = Release|x64
		{AA5F8640-FBBC-4007-9589-6C7CD26D4867}.Release|x64.Build.0 = Release|x64
		{AA5F8640-FBBC-4007-9589-6C7CD26D4867}.Debug|x64.ActiveCfg = Debug|x64
		{AA5F8640-FBBC-4007-9589-6C7CD26D4867}.Debug|x64.Build.0 = Debug|x64
		{61D3BE0A-282D-462C-BA26-06670E5ACB3E}.Release|x64.ActiveCfg = Release|x64
		{61D3BE0A-282D-462C-BA26-06670E5ACB3E}.Release|x64.Build.0 = Release|x64
		{61D3BE0A-282D-462C-BA26-06670E5ACB3E}.Debug|x64.ActiveCfg = Debug|x64
		{61D3BE0A-282D-462C-BA26-06670E5ACB3E}.Debug|x64.Build.0 = Debug|x64
		{1A6022DF-9AF2-4BA3-A61C-87BE507A6F4A}.Release|x64.ActiveCfg = Release|x64
		{1A6022DF-9AF2-4BA3-A61C-87BE507A6F4A}.Release|x64.Build.0 = Release|x64
		{1A6022DF-9AF2-4BA3-A61C-87BE507A6F4A}.Debug|x64.ActiveCfg = Debug|x64
		{1A6022DF-9AF2-4BA3-A61C-87BE507A6F4A}.Debug|x64.Build.0 = Debug|x64
	EndGlobalSection
	GlobalSection(SolutionProperties) = preSolution
		HideSolutionNode = FALSE
	EndGlobalSection
	GlobalSection(ExtensibilityGlobals) = postSolution
		SolutionGuid = {E1FD77D6-50E0-4A59-BBA9-355B7D483B27}
	EndGlobalSection
EndGlobal
